
Microsoft Visual Studio Solution File, Format Version 11.00
# Visual Studio 2010
Project("{FAE04EC0-301F-11D3-BF4B-00C04F79EFBC}") = "Kayone.Migrator", "Migrator\Kayone.Migrator.csproj", "{1FEE70A4-AAD7-4C60-BE60-3F7DC03A8C4D}"
EndProject
Project("{FAE04EC0-301F-11D3-BF4B-00C04F79EFBC}") = "Kayone.Migrator.Framework", "Migrator.Framework\Kayone.Migrator.Framework.csproj", "{5270F048-E580-486C-B14C-E5B9F6E539D4}"
EndProject
Project("{FAE04EC0-301F-11D3-BF4B-00C04F79EFBC}") = "Kayone.Migrator.Providers", "Migrator.Providers\Kayone.Migrator.Providers.csproj", "{D58C68E4-D789-40F7-9078-C9F587D4363C}"
EndProject
Project("{FAE04EC0-301F-11D3-BF4B-00C04F79EFBC}") = "Migrator.Tests", "Migrator.Tests\Migrator.Tests.csproj", "{882B6A93-67B8-45BF-8636-5796B1B1CBF8}"
EndProject
Global
	GlobalSection(SolutionConfigurationPlatforms) = preSolution
		Debug|Any CPU = Debug|Any CPU
		Release|Any CPU = Release|Any CPU
	EndGlobalSection
	GlobalSection(ProjectConfigurationPlatforms) = postSolution
		{1FEE70A4-AAD7-4C60-BE60-3F7DC03A8C4D}.Debug|Any CPU.ActiveCfg = Debug|Any CPU
		{1FEE70A4-AAD7-4C60-BE60-3F7DC03A8C4D}.Debug|Any CPU.Build.0 = Debug|Any CPU
		{1FEE70A4-AAD7-4C60-BE60-3F7DC03A8C4D}.Release|Any CPU.ActiveCfg = Release|Any CPU
		{1FEE70A4-AAD7-4C60-BE60-3F7DC03A8C4D}.Release|Any CPU.Build.0 = Release|Any CPU
		{5270F048-E580-486C-B14C-E5B9F6E539D4}.Debug|Any CPU.ActiveCfg = Debug|Any CPU
		{5270F048-E580-486C-B14C-E5B9F6E539D4}.Debug|Any CPU.Build.0 = Debug|Any CPU
		{5270F048-E580-486C-B14C-E5B9F6E539D4}.Release|Any CPU.ActiveCfg = Release|Any CPU
		{5270F048-E580-486C-B14C-E5B9F6E539D4}.Release|Any CPU.Build.0 = Release|Any CPU
		{D58C68E4-D789-40F7-9078-C9F587D4363C}.Debug|Any CPU.ActiveCfg = Debug|Any CPU
		{D58C68E4-D789-40F7-9078-C9F587D4363C}.Debug|Any CPU.Build.0 = Debug|Any CPU
		{D58C68E4-D789-40F7-9078-C9F587D4363C}.Release|Any CPU.ActiveCfg = Release|Any CPU
		{D58C68E4-D789-40F7-9078-C9F587D4363C}.Release|Any CPU.Build.0 = Release|Any CPU
		{882B6A93-67B8-45BF-8636-5796B1B1CBF8}.Debug|Any CPU.ActiveCfg = Debug|Any CPU
		{882B6A93-67B8-45BF-8636-5796B1B1CBF8}.Debug|Any CPU.Build.0 = Debug|Any CPU
		{882B6A93-67B8-45BF-8636-5796B1B1CBF8}.Release|Any CPU.ActiveCfg = Release|Any CPU
		{882B6A93-67B8-45BF-8636-5796B1B1CBF8}.Release|Any CPU.Build.0 = Release|Any CPU
	EndGlobalSection
	GlobalSection(SolutionProperties) = preSolution
		HideSolutionNode = FALSE
	EndGlobalSection
EndGlobal
